
Microsoft Visual Studio Solution File, Format Version 12.00
# Visual Studio Version 17
VisualStudioVersion = 17.8.34316.72
MinimumVisualStudioVersion = 10.0.40219.1
Project("{9A19103F-16F7-4668-BE54-9A1E7A4F7556}") = "Application", "EShopApi\Application.csproj", "{6149A0E1-146B-42A5-9120-2F77AC7183D6}"
EndProject
Project("{FAE04EC0-301F-11D3-BF4B-00C04F79EFBC}") = "Core", "Domain\Core.csproj", "{D5C08ECB-431E-4303-9089-5D38E213D1D3}"
EndProject
Project("{FAE04EC0-301F-11D3-BF4B-00C04F79EFBC}") = "Infrastracture", "Infrastracture\Infrastracture.csproj", "{3E680007-FE4D-45C1-A577-FCA4EF08A49B}"
EndProject
Global
	GlobalSection(SolutionConfigurationPlatforms) = preSolution
		Debug|Any CPU = Debug|Any CPU
		Release|Any CPU = Release|Any CPU
	EndGlobalSection
	GlobalSection(ProjectConfigurationPlatforms) = postSolution
		{6149A0E1-146B-42A5-9120-2F77AC7183D6}.Debug|Any CPU.ActiveCfg = Debug|Any CPU
		{6149A0E1-146B-42A5-9120-2F77AC7183D6}.Debug|Any CPU.Build.0 = Debug|Any CPU
		{6149A0E1-146B-42A5-9120-2F77AC7183D6}.Release|Any CPU.ActiveCfg = Release|Any CPU
		{6149A0E1-146B-42A5-9120-2F77AC7183D6}.Release|Any CPU.Build.0 = Release|Any CPU
		{D5C08ECB-431E-4303-9089-5D38E213D1D3}.Debug|Any CPU.ActiveCfg = Debug|Any CPU
		{D5C08ECB-431E-4303-9089-5D38E213D1D3}.Debug|Any CPU.Build.0 = Debug|Any CPU
		{D5C08ECB-431E-4303-9089-5D38E213D1D3}.Release|Any CPU.ActiveCfg = Release|Any CPU
		{D5C08ECB-431E-4303-9089-5D38E213D1D3}.Release|Any CPU.Build.0 = Release|Any CPU
		{3E680007-FE4D-45C1-A577-FCA4EF08A49B}.Debug|Any CPU.ActiveCfg = Debug|Any CPU
		{3E680007-FE4D-45C1-A577-FCA4EF08A49B}.Debug|Any CPU.Build.0 = Debug|Any CPU
		{3E680007-FE4D-45C1-A577-FCA4EF08A49B}.Release|Any CPU.ActiveCfg = Release|Any CPU
		{3E680007-FE4D-45C1-A577-FCA4EF08A49B}.Release|Any CPU.Build.0 = Release|Any CPU
	EndGlobalSection
	GlobalSection(SolutionProperties) = preSolution
		HideSolutionNode = FALSE
	EndGlobalSection
	GlobalSection(ExtensibilityGlobals) = postSolution
		SolutionGuid = {B3C00F75-30D4-4365-8F00-A4E800ACCB43}
	EndGlobalSection
EndGlobal
